
Microsoft Visual Studio Solution File, Format Version 12.00
# Visual Studio 15
Project("{FAE04EC0-301F-11D3-BF4B-00C04F79EFBC}") = "Assembly-CSharp", "Assembly-CSharp.csproj", "{4C42D018-4B2A-C76A-160B-C83E0DE7A7E5}"
EndProject
Project("{FAE04EC0-301F-11D3-BF4B-00C04F79EFBC}") = "Assembly-CSharp-firstpass", "Assembly-CSharp-firstpass.csproj", "{CF3C3BBD-6E57-2F65-817C-4FF040BB3672}"
EndProject
Project("{FAE04EC0-301F-11D3-BF4B-00C04F79EFBC}") = "Assembly-CSharp-Editor-firstpass", "Assembly-CSharp-Editor-firstpass.csproj", "{65B926F2-CA12-7212-F75F-727E57C5B83D}"
EndProject
Global
	GlobalSection(SolutionConfigurationPlatforms) = preSolution
		Debug|Any CPU = Debug|Any CPU
		Release|Any CPU = Release|Any CPU
	EndGlobalSection
	GlobalSection(ProjectConfigurationPlatforms) = postSolution
		{4C42D018-4B2A-C76A-160B-C83E0DE7A7E5}.Debug|Any CPU.ActiveCfg = Debug|Any CPU
		{4C42D018-4B2A-C76A-160B-C83E0DE7A7E5}.Debug|Any CPU.Build.0 = Debug|Any CPU
		{4C42D018-4B2A-C76A-160B-C83E0DE7A7E5}.Release|Any CPU.ActiveCfg = Release|Any CPU
		{4C42D018-4B2A-C76A-160B-C83E0DE7A7E5}.Release|Any CPU.Build.0 = Release|Any CPU
		{CF3C3BBD-6E57-2F65-817C-4FF040BB3672}.Debug|Any CPU.ActiveCfg = Debug|Any CPU
		{CF3C3BBD-6E57-2F65-817C-4FF040BB3672}.Debug|Any CPU.Build.0 = Debug|Any CPU
		{CF3C3BBD-6E57-2F65-817C-4FF040BB3672}.Release|Any CPU.ActiveCfg = Release|Any CPU
		{CF3C3BBD-6E57-2F65-817C-4FF040BB3672}.Release|Any CPU.Build.0 = Release|Any CPU
		{65B926F2-CA12-7212-F75F-727E57C5B83D}.Debug|Any CPU.ActiveCfg = Debug|Any CPU
		{65B926F2-CA12-7212-F75F-727E57C5B83D}.Debug|Any CPU.Build.0 = Debug|Any CPU
		{65B926F2-CA12-7212-F75F-727E57C5B83D}.Release|Any CPU.ActiveCfg = Release|Any CPU
		{65B926F2-CA12-7212-F75F-727E57C5B83D}.Release|Any CPU.Build.0 = Release|Any CPU
	EndGlobalSection
	GlobalSection(SolutionProperties) = preSolution
		HideSolutionNode = FALSE
	EndGlobalSection
EndGlobal
